dependencies:
- name: nats
  repository: https://nats-io.github.io/k8s/helm/charts/
  version: 1.2.8
- name: minio
  repository: https://charts.min.io/
  version: 5.4.0
- name: csi-s3
  repository: https://yandex-cloud.github.io/k8s-csi-s3/charts
  version: 0.41.0
digest: sha256:a3e4010f9119492857f06991e186ee8ef08b44d7f50afae215e1673650b47358
generated: "2025-11-16T15:25:40.875825+05:00"
